// !$*UTF8*$!
{
	archiveVersion = 1;
	classes = {
	};
	objectVersion = 55;
	objects = {

/* Begin PBXBuildFile section */
		D81E58B428FD392C004ED4B7 /* MultiplicationTablesAppApp.swift in Sources */ = {isa = PBXBuildFile; fileRef = D81E58B328FD392C004ED4B7 /* MultiplicationTablesAppApp.swift */; };
		D81E58B628FD392C004ED4B7 /* StartView.swift in Sources */ = {isa = PBXBuildFile; fileRef = D81E58B528FD392C004ED4B7 /* StartView.swift */; };
		D81E58B828FD392D004ED4B7 /* Assets.xcassets in Resources */ = {isa = PBXBuildFile; fileRef = D81E58B728FD392D004ED4B7 /* Assets.xcassets */; };
		D81E58BB28FD392D004ED4B7 /* Preview Assets.xcassets in Resources */ = {isa = PBXBuildFile; fileRef = D81E58BA28FD392D004ED4B7 /* Preview Assets.xcassets */; };
		D81E58C328FD5D71004ED4B7 /* LaunchScreenView.swift in Sources */ = {isa = PBXBuildFile; fileRef = D81E58C228FD5D71004ED4B7 /* LaunchScreenView.swift */; };
		D885A99228FE8FAA0064490B /* LaunchScreenManager.swift in Sources */ = {isa = PBXBuildFile; fileRef = D885A99128FE8FAA0064490B /* LaunchScreenManager.swift */; };
		D885A99429091E800064490B /* PracticeView.swift in Sources */ = {isa = PBXBuildFile; fileRef = D885A99329091E800064490B /* PracticeView.swift */; };
		D885A997290D41260064490B /* TaskView.swift in Sources */ = {isa = PBXBuildFile; fileRef = D885A996290D41260064490B /* TaskView.swift */; };
/* End PBXBuildFile section */

/* Begin PBXFileReference section */
		D81E58B028FD392C004ED4B7 /* MultiplicationTablesApp.app */ = {isa = PBXFileReference; explicitFileType = wrapper.application; includeInIndex = 0; path = MultiplicationTablesApp.app; sourceTree = BUILT_PRODUCTS_DIR; };
		D81E58B328FD392C004ED4B7 /* MultiplicationTablesAppApp.swift */ = {isa = PBXFileReference; lastKnownFileType = sourcecode.swift; path = MultiplicationTablesAppApp.swift; sourceTree = "<group>"; };
		D81E58B528FD392C004ED4B7 /* StartView.swift */ = {isa = PBXFileReference; lastKnownFileType = sourcecode.swift; path = StartView.swift; sourceTree = "<group>"; };
		D81E58B728FD392D004ED4B7 /* Assets.xcassets */ = {isa = PBXFileReference; lastKnownFileType = folder.assetcatalog; path = Assets.xcassets; sourceTree = "<group>"; };
		D81E58BA28FD392D004ED4B7 /* Preview Assets.xcassets */ = {isa = PBXFileReference; lastKnownFileType = folder.assetcatalog; path = "Preview Assets.xcassets"; sourceTree = "<group>"; };
		D81E58C128FD3AF3004ED4B7 /* Info.plist */ = {isa = PBXFileReference; lastKnownFileType = text.plist.xml; path = Info.plist; sourceTree = "<group>"; };
		D81E58C228FD5D71004ED4B7 /* LaunchScreenView.swift */ = {isa = PBXFileReference; lastKnownFileType = sourcecode.swift; path = LaunchScreenView.swift; sourceTree = "<group>"; };
		D885A99128FE8FAA0064490B /* LaunchScreenManager.swift */ = {isa = PBXFileReference; lastKnownFileType = sourcecode.swift; path = LaunchScreenManager.swift; sourceTree = "<group>"; };
		D885A99329091E800064490B /* PracticeView.swift */ = {isa = PBXFileReference; lastKnownFileType = sourcecode.swift; path = PracticeView.swift; sourceTree = "<group>"; };
		D885A996290D41260064490B /* TaskView.swift */ = {isa = PBXFileReference; lastKnownFileType = sourcecode.swift; path = TaskView.swift; sourceTree = "<group>"; };
/* End PBXFileReference section */

/* Begin PBXFrameworksBuildPhase section */
		D81E58AD28FD392C004ED4B7 /* Frameworks */ = {
			isa = PBXFrameworksBuildPhase;
			buildActionMask = 2147483647;
			files = (
			);
			runOnlyForDeploymentPostprocessing = 0;
		};
/* End PBXFrameworksBuildPhase section */

/* Begin PBXGroup section */
		D81E58A728FD392C004ED4B7 = {
			isa = PBXGroup;
			children = (
				D81E58B228FD392C004ED4B7 /* MultiplicationTablesApp */,
				D81E58B128FD392C004ED4B7 /* Products */,
			);
			sourceTree = "<group>";
		};
		D81E58B128FD392C004ED4B7 /* Products */ = {
			isa = PBXGroup;
			children = (
				D81E58B028FD392C004ED4B7 /* MultiplicationTablesApp.app */,
			);
			name = Products;
			sourceTree = "<group>";
		};
		D81E58B228FD392C004ED4B7 /* MultiplicationTablesApp */ = {
			isa = PBXGroup;
			children = (
				D81E58C128FD3AF3004ED4B7 /* Info.plist */,
				D81E58B328FD392C004ED4B7 /* MultiplicationTablesAppApp.swift */,
				D885A995290D40EE0064490B /* View */,
				D885A99128FE8FAA0064490B /* LaunchScreenManager.swift */,
				D81E58B728FD392D004ED4B7 /* Assets.xcassets */,
				D81E58B928FD392D004ED4B7 /* Preview Content */,
			);
			path = MultiplicationTablesApp;
			sourceTree = "<group>";
		};
		D81E58B928FD392D004ED4B7 /* Preview Content */ = {
			isa = PBXGroup;
			children = (
				D81E58BA28FD392D004ED4B7 /* Preview Assets.xcassets */,
			);
			path = "Preview Content";
			sourceTree = "<group>";
		};
		D885A995290D40EE0064490B /* View */ = {
			isa = PBXGroup;
			children = (
				D81E58C228FD5D71004ED4B7 /* LaunchScreenView.swift */,
				D81E58B528FD392C004ED4B7 /* StartView.swift */,
				D885A99329091E800064490B /* PracticeView.swift */,
				D885A996290D41260064490B /* TaskView.swift */,
			);
			path = View;
			sourceTree = "<group>";
		};
/* End PBXGroup section */

/* Begin PBXNativeTarget section */
		D81E58AF28FD392C004ED4B7 /* MultiplicationTablesApp */ = {
			isa = PBXNativeTarget;
			buildConfigurationList = D81E58BE28FD392D004ED4B7 /* Build configuration list for PBXNativeTarget "MultiplicationTablesApp" */;
			buildPhases = (
				D81E58AC28FD392C004ED4B7 /* Sources */,
				D81E58AD28FD392C004ED4B7 /* Frameworks */,
				D81E58AE28FD392C004ED4B7 /* Resources */,
			);
			buildRules = (
			);
			dependencies = (
			);
			name = MultiplicationTablesApp;
			productName = MultiplicationTablesApp;
			productReference = D81E58B028FD392C004ED4B7 /* MultiplicationTablesApp.app */;
			productType = "com.apple.product-type.application";
		};
/* End PBXNativeTarget section */

/* Begin PBXProject section */
		D81E58A828FD392C004ED4B7 /* Project object */ = {
			isa = PBXProject;
			attributes = {
				BuildIndependentTargetsInParallel = 1;
				LastSwiftUpdateCheck = 1340;
				LastUpgradeCheck = 1340;
				TargetAttributes = {
					D81E58AF28FD392C004ED4B7 = {
						CreatedOnToolsVersion = 13.4.1;
					};
				};
			};
			buildConfigurationList = D81E58AB28FD392C004ED4B7 /* Build configuration list for PBXProject "MultiplicationTablesApp" */;
			compatibilityVersion = "Xcode 13.0";
			developmentRegion = en;
			hasScannedForEncodings = 0;
			knownRegions = (
				en,
				Base,
			);
			mainGroup = D81E58A728FD392C004ED4B7;
			productRefGroup = D81E58B128FD392C004ED4B7 /* Products */;
			projectDirPath = "";
			projectRoot = "";
			targets = (
				D81E58AF28FD392C004ED4B7 /* MultiplicationTablesApp */,
			);
		};
/* End PBXProject section */

/* Begin PBXResourcesBuildPhase section */
		D81E58AE28FD392C004ED4B7 /* Resources */ = {
			isa = PBXResourcesBuildPhase;
			buildActionMask = 2147483647;
			files = (
				D81E58BB28FD392D004ED4B7 /* Preview Assets.xcassets in Resources */,
				D81E58B828FD392D004ED4B7 /* Assets.xcassets in Resources */,
			);
			runOnlyForDeploymentPostprocessing = 0;
		};
/* End PBXResourcesBuildPhase section */

/* Begin PBXSourcesBuildPhase section */
		D81E58AC28FD392C004ED4B7 /* Sources */ = {
			isa = PBXSourcesBuildPhase;
			buildActionMask = 2147483647;
			files = (
				D81E58B628FD392C004ED4B7 /* StartView.swift in Sources */,
				D885A99429091E800064490B /* PracticeView.swift in Sources */,
				D81E58B428FD392C004ED4B7 /* MultiplicationTablesAppApp.swift in Sources */,
				D885A997290D41260064490B /* TaskView.swift in Sources */,
				D885A99228FE8FAA0064490B /* LaunchScreenManager.swift in Sources */,
				D81E58C328FD5D71004ED4B7 /* LaunchScreenView.swift in Sources */,
			);
			runOnlyForDeploymentPostprocessing = 0;
		};
/* End PBXSourcesBuildPhase section */

/* Begin XCBuildConfiguration section */
		D81E58BC28FD392D004ED4B7 /* Debug */ = {
			isa = XCBuildConfiguration;
			buildSettings = {
				ALWAYS_SEARCH_USER_PATHS = NO;
				CLANG_ANALYZER_NONNULL = YES;
				CLANG_ANALYZER_NUMBER_OBJECT_CONVERSION = YES_AGGRESSIVE;
				CLANG_CXX_LANGUAGE_STANDARD = "gnu++17";
				CLANG_ENABLE_MODULES = YES;
				CLANG_ENABLE_OBJC_ARC = YES;
				CLANG_ENABLE_OBJC_WEAK = YES;
				CLANG_WARN_BLOCK_CAPTURE_AUTORELEASING = YES;
				CLANG_WARN_BOOL_CONVERSION = YES;
				CLANG_WARN_COMMA = YES;
				CLANG_WARN_CONSTANT_CONVERSION = YES;
				CLANG_WARN_DEPRECATED_OBJC_IMPLEMENTATIONS = YES;
				CLANG_WARN_DIRECT_OBJC_ISA_USAGE = YES_ERROR;
				CLANG_WARN_DOCUMENTATION_COMMENTS = YES;
				CLANG_WARN_EMPTY_BODY = YES;
				CLANG_WARN_ENUM_CONVERSION = YES;
				CLANG_WARN_INFINITE_RECURSION = YES;
				CLANG_WARN_INT_CONVERSION = YES;
				CLANG_WARN_NON_LITERAL_NULL_CONVERSION = YES;
				CLANG_WARN_OBJC_IMPLICIT_RETAIN_SELF = YES;
				CLANG_WARN_OBJC_LITERAL_CONVERSION = YES;
				CLANG_WARN_OBJC_ROOT_CLASS = YES_ERROR;
				CLANG_WARN_QUOTED_INCLUDE_IN_FRAMEWORK_HEADER = YES;
				CLANG_WARN_RANGE_LOOP_ANALYSIS = YES;
				CLANG_WARN_STRICT_PROTOTYPES = YES;
				CLANG_WARN_SUSPICIOUS_MOVE = YES;
				CLANG_WARN_UNGUARDED_AVAILABILITY = YES_AGGRESSIVE;
				CLANG_WARN_UNREACHABLE_CODE = YES;
				CLANG_WARN__DUPLICATE_METHOD_MATCH = YES;
				COPY_PHASE_STRIP = NO;
				DEBUG_INFORMATION_FORMAT = dwarf;
				ENABLE_STRICT_OBJC_MSGSEND = YES;
				ENABLE_TESTABILITY = YES;
				GCC_C_LANGUAGE_STANDARD = gnu11;
				GCC_DYNAMIC_NO_PIC = NO;
				GCC_NO_COMMON_BLOCKS = YES;
				GCC_OPTIMIZATION_LEVEL = 0;
				GCC_PREPROCESSOR_DEFINITIONS = (
					"DEBUG=1",
					"$(inherited)",
				);
				GCC_WARN_64_TO_32_BIT_CONVERSION = YES;
				GCC_WARN_ABOUT_RETURN_TYPE = YES_ERROR;
				GCC_WARN_UNDECLARED_SELECTOR = YES;
				GCC_WARN_UNINITIALIZED_AUTOS = YES_AGGRESSIVE;
				GCC_WARN_UNUSED_FUNCTION = YES;
				GCC_WARN_UNUSED_VARIABLE = YES;
				IPHONEOS_DEPLOYMENT_TARGET = 15.5;
				MTL_ENABLE_DEBUG_INFO = INCLUDE_SOURCE;
				MTL_FAST_MATH = YES;
				ONLY_ACTIVE_ARCH = YES;
				SDKROOT = iphoneos;
				SWIFT_ACTIVE_COMPILATION_CONDITIONS = DEBUG;
				SWIFT_OPTIMIZATION_LEVEL = "-Onone";
			};
			name = Debug;
		};
		D81E58BD28FD392D004ED4B7 /* Release */ = {
			isa = XCBuildConfiguration;
			buildSettings = {
				ALWAYS_SEARCH_USER_PATHS = NO;
				CLANG_ANALYZER_NONNULL = YES;
				CLANG_ANALYZER_NUMBER_OBJECT_CONVERSION = YES_AGGRESSIVE;
				CLANG_CXX_LANGUAGE_STANDARD = "gnu++17";
				CLANG_ENABLE_MODULES = YES;
				CLANG_ENABLE_OBJC_ARC = YES;
				CLANG_ENABLE_OBJC_WEAK = YES;
				CLANG_WARN_BLOCK_CAPTURE_AUTORELEASING = YES;
				CLANG_WARN_BOOL_CONVERSION = YES;
				CLANG_WARN_COMMA = YES;
				CLANG_WARN_CONSTANT_CONVERSION = YES;
				CLANG_WARN_DEPRECATED_OBJC_IMPLEMENTATIONS = YES;
				CLANG_WARN_DIRECT_OBJC_ISA_USAGE = YES_ERROR;
				CLANG_WARN_DOCUMENTATION_COMMENTS = YES;
				CLANG_WARN_EMPTY_BODY = YES;
				CLANG_WARN_ENUM_CONVERSION = YES;
				CLANG_WARN_INFINITE_RECURSION = YES;
				CLANG_WARN_INT_CONVERSION = YES;
				CLANG_WARN_NON_LITERAL_NULL_CONVERSION = YES;
				CLANG_WARN_OBJC_IMPLICIT_RETAIN_SELF = YES;
				CLANG_WARN_OBJC_LITERAL_CONVERSION = YES;
				CLANG_WARN_OBJC_ROOT_CLASS = YES_ERROR;
				CLANG_WARN_QUOTED_INCLUDE_IN_FRAMEWORK_HEADER = YES;
				CLANG_WARN_RANGE_LOOP_ANALYSIS = YES;
				CLANG_WARN_STRICT_PROTOTYPES = YES;
				CLANG_WARN_SUSPICIOUS_MOVE = YES;
				CLANG_WARN_UNGUARDED_AVAILABILITY = YES_AGGRESSIVE;
				CLANG_WARN_UNREACHABLE_CODE = YES;
				CLANG_WARN__DUPLICATE_METHOD_MATCH = YES;
				COPY_PHASE_STRIP = NO;
				DEBUG_INFORMATION_FORMAT = "dwarf-with-dsym";
				ENABLE_NS_ASSERTIONS = NO;
				ENABLE_STRICT_OBJC_MSGSEND = YES;
				GCC_C_LANGUAGE_STANDARD = gnu11;
				GCC_NO_COMMON_BLOCKS = YES;
				GCC_WARN_64_TO_32_BIT_CONVERSION = YES;
				GCC_WARN_ABOUT_RETURN_TYPE = YES_ERROR;
				GCC_WARN_UNDECLARED_SELECTOR = YES;
				GCC_WARN_UNINITIALIZED_AUTOS = YES_AGGRESSIVE;
				GCC_WARN_UNUSED_FUNCTION = YES;
				GCC_WARN_UNUSED_VARIABLE = YES;
				IPHONEOS_DEPLOYMENT_TARGET = 15.5;
				MTL_ENABLE_DEBUG_INFO = NO;
				MTL_FAST_MATH = YES;
				SDKROOT = iphoneos;
				SWIFT_COMPILATION_MODE = wholemodule;
				SWIFT_OPTIMIZATION_LEVEL = "-O";
				VALIDATE_PRODUCT = YES;
			};
			name = Release;
		};
		D81E58BF28FD392D004ED4B7 /* Debug */ = {
			isa = XCBuildConfiguration;
			buildSettings = {
				ASSETCATALOG_COMPILER_APPICON_NAME = AppIcon;
				ASSETCATALOG_COMPILER_GLOBAL_ACCENT_COLOR_NAME = AccentColor;
				CODE_SIGN_STYLE = Automatic;
				CURRENT_PROJECT_VERSION = 1;
				DEVELOPMENT_ASSET_PATHS = "\"MultiplicationTablesApp/Preview Content\"";
				DEVELOPMENT_TEAM = 7K3694Z5ZF;
				ENABLE_PREVIEWS = YES;
				GENERATE_INFOPLIST_FILE = YES;
				INFOPLIST_FILE = MultiplicationTablesApp/Info.plist;
				INFOPLIST_KEY_CFBundleDisplayName = OllieMultiply;
				INFOPLIST_KEY_LSApplicationCategoryType = "";
				INFOPLIST_KEY_UIApplicationSceneManifest_Generation = YES;
				INFOPLIST_KEY_UIApplicationSupportsIndirectInputEvents = YES;
				INFOPLIST_KEY_UISupportedInterfaceOrientations = UIInterfaceOrientationPortrait;
				INFOPLIST_KEY_UISupportedInterfaceOrientations_iPad = "UIInterfaceOrientationPortrait UIInterfaceOrientationPortraitUpsideDown UIInterfaceOrientationLandscapeLeft UIInterfaceOrientationLandscapeRight";
				INFOPLIST_KEY_UISupportedInterfaceOrientations_iPhone = "UIInterfaceOrientationPortrait UIInterfaceOrientationLandscapeLeft UIInterfaceOrientationLandscapeRight";
				LD_RUNPATH_SEARCH_PATHS = (
					"$(inherited)",
					"@executable_path/Frameworks",
				);
				MARKETING_VERSION = 1.0;
				PRODUCT_BUNDLE_IDENTIFIER = com.riotofcolors.MultiplicationTablesApp;
				PRODUCT_NAME = "$(TARGET_NAME)";
				SWIFT_EMIT_LOC_STRINGS = YES;
				SWIFT_VERSION = 5.0;
				TARGETED_DEVICE_FAMILY = 1;
			};
			name = Debug;
		};
		D81E58C028FD392D004ED4B7 /* Release */ = {
			isa = XCBuildConfiguration;
			buildSettings = {
				ASSETCATALOG_COMPILER_APPICON_NAME = AppIcon;
				ASSETCATALOG_COMPILER_GLOBAL_ACCENT_COLOR_NAME = AccentColor;
				CODE_SIGN_STYLE = Automatic;
				CURRENT_PROJECT_VERSION = 1;
				DEVELOPMENT_ASSET_PATHS = "\"MultiplicationTablesApp/Preview Content\"";
				DEVELOPMENT_TEAM = 7K3694Z5ZF;
				ENABLE_PREVIEWS = YES;
				GENERATE_INFOPLIST_FILE = YES;
				INFOPLIST_FILE = MultiplicationTablesApp/Info.plist;
				INFOPLIST_KEY_CFBundleDisplayName = OllieMultiply;
				INFOPLIST_KEY_LSApplicationCategoryType = "";
				INFOPLIST_KEY_UIApplicationSceneManifest_Generation = YES;
				INFOPLIST_KEY_UIApplicationSupportsIndirectInputEvents = YES;
				INFOPLIST_KEY_UISupportedInterfaceOrientations = UIInterfaceOrientationPortrait;
				INFOPLIST_KEY_UISupportedInterfaceOrientations_iPad = "UIInterfaceOrientationPortrait UIInterfaceOrientationPortraitUpsideDown UIInterfaceOrientationLandscapeLeft UIInterfaceOrientationLandscapeRight";
				INFOPLIST_KEY_UISupportedInterfaceOrientations_iPhone = "UIInterfaceOrientationPortrait UIInterfaceOrientationLandscapeLeft UIInterfaceOrientationLandscapeRight";
				LD_RUNPATH_SEARCH_PATHS = (
					"$(inherited)",
					"@executable_path/Frameworks",
				);
				MARKETING_VERSION = 1.0;
				PRODUCT_BUNDLE_IDENTIFIER = com.riotofcolors.MultiplicationTablesApp;
				PRODUCT_NAME = "$(TARGET_NAME)";
				SWIFT_EMIT_LOC_STRINGS = YES;
				SWIFT_VERSION = 5.0;
				TARGETED_DEVICE_FAMILY = 1;
			};
			name = Release;
		};
/* End XCBuildConfiguration section */

/* Begin XCConfigurationList section */
		D81E58AB28FD392C004ED4B7 /* Build configuration list for PBXProject "MultiplicationTablesApp" */ = {
			isa = XCConfigurationList;
			buildConfigurations = (
				D81E58BC28FD392D004ED4B7 /* Debug */,
				D81E58BD28FD392D004ED4B7 /* Release */,
			);
			defaultConfigurationIsVisible = 0;
			defaultConfigurationName = Release;
		};
		D81E58BE28FD392D004ED4B7 /* Build configuration list for PBXNativeTarget "MultiplicationTablesApp" */ = {
			isa = XCConfigurationList;
			buildConfigurations = (
				D81E58BF28FD392D004ED4B7 /* Debug */,
				D81E58C028FD392D004ED4B7 /* Release */,
			);
			defaultConfigurationIsVisible = 0;
			defaultConfigurationName = Release;
		};
/* End XCConfigurationList section */
	};
	rootObject = D81E58A828FD392C004ED4B7 /* Project object */;
}
